
Microsoft Visual Studio Solution File, Format Version 12.00
# Visual Studio Version 16
VisualStudioVersion = 16.0.29709.97
MinimumVisualStudioVersion = 10.0.40219.1
Project("{FAE04EC0-301F-11D3-BF4B-00C04F79EFBC}") = "Crud Treino", "Crud Treino\Crud Treino.csproj", "{0730D17A-4863-4A51-8E91-6FFC136223D1}"
EndProject
Global
	GlobalSection(SolutionConfigurationPlatforms) = preSolution
		Debug|Any CPU = Debug|Any CPU
		Release|Any CPU = Release|Any CPU
	EndGlobalSection
	GlobalSection(ProjectConfigurationPlatforms) = postSolution
		{0730D17A-4863-4A51-8E91-6FFC136223D1}.Debug|Any CPU.ActiveCfg = Debug|Any CPU
		{0730D17A-4863-4A51-8E91-6FFC136223D1}.Debug|Any CPU.Build.0 = Debug|Any CPU
		{0730D17A-4863-4A51-8E91-6FFC136223D1}.Release|Any CPU.ActiveCfg = Release|Any CPU
		{0730D17A-4863-4A51-8E91-6FFC136223D1}.Release|Any CPU.Build.0 = Release|Any CPU
	EndGlobalSection
	GlobalSection(SolutionProperties) = preSolution
		HideSolutionNode = FALSE
	EndGlobalSection
	GlobalSection(ExtensibilityGlobals) = postSolution
		SolutionGuid = {2F05E399-F47F-4398-A4AA-9A384BA1771D}
	EndGlobalSection
EndGlobal
